
Microsoft Visual Studio Solution File, Format Version 12.00
# Visual Studio Version 17
VisualStudioVersion = 17.9.34723.18
MinimumVisualStudioVersion = 10.0.40219.1
Project("{FAE04EC0-301F-11D3-BF4B-00C04F79EFBC}") = "Prueba Experticket", "BlazorApp1\Prueba Experticket.csproj", "{8C86582D-323F-4A7B-B693-F25D83A0E040}"
EndProject
Global
	GlobalSection(SolutionConfigurationPlatforms) = preSolution
		Debug|Any CPU = Debug|Any CPU
		Release|Any CPU = Release|Any CPU
	EndGlobalSection
	GlobalSection(ProjectConfigurationPlatforms) = postSolution
		{8C86582D-323F-4A7B-B693-F25D83A0E040}.Debug|Any CPU.ActiveCfg = Debug|Any CPU
		{8C86582D-323F-4A7B-B693-F25D83A0E040}.Debug|Any CPU.Build.0 = Debug|Any CPU
		{8C86582D-323F-4A7B-B693-F25D83A0E040}.Release|Any CPU.ActiveCfg = Release|Any CPU
		{8C86582D-323F-4A7B-B693-F25D83A0E040}.Release|Any CPU.Build.0 = Release|Any CPU
	EndGlobalSection
	GlobalSection(SolutionProperties) = preSolution
		HideSolutionNode = FALSE
	EndGlobalSection
	GlobalSection(ExtensibilityGlobals) = postSolution
		SolutionGuid = {6F35AF7D-7313-41D7-87B9-CB487F6E1558}
	EndGlobalSection
EndGlobal
